
Microsoft Visual Studio Solution File, Format Version 12.00
# Visual Studio 2013
VisualStudioVersion = 12.0.30723.0
MinimumVisualStudioVersion = 10.0.40219.1
Project("{9092AA53-FB77-4645-B42D-1CCCA6BD08BD}") = "pluralNode", "pluralNode\pluralNode.njsproj", "{A2EFE1CD-53ED-4B5F-A095-3CDBFC9D6CBC}"
EndProject
Global
	GlobalSection(SolutionConfigurationPlatforms) = preSolution
		Debug|Any CPU = Debug|Any CPU
		Release|Any CPU = Release|Any CPU
	EndGlobalSection
	GlobalSection(ProjectConfigurationPlatforms) = postSolution
		{A2EFE1CD-53ED-4B5F-A095-3CDBFC9D6CBC}.Debug|Any CPU.ActiveCfg = Debug|Any CPU
		{A2EFE1CD-53ED-4B5F-A095-3CDBFC9D6CBC}.Debug|Any CPU.Build.0 = Debug|Any CPU
		{A2EFE1CD-53ED-4B5F-A095-3CDBFC9D6CBC}.Release|Any CPU.ActiveCfg = Release|Any CPU
		{A2EFE1CD-53ED-4B5F-A095-3CDBFC9D6CBC}.Release|Any CPU.Build.0 = Release|Any CPU
	EndGlobalSection
	GlobalSection(SolutionProperties) = preSolution
		HideSolutionNode = FALSE
	EndGlobalSection
EndGlobal
